
Microsoft Visual Studio Solution File, Format Version 12.00
# Visual Studio Version 16
VisualStudioVersion = 16.0.28531.58
MinimumVisualStudioVersion = 10.0.40219.1
Project("{FAE04EC0-301F-11D3-BF4B-00C04F79EFBC}") = "Hostsfile minifier", "Hostsfile minifier\Hostsfile minifier.csproj", "{583CE173-9A1B-41FD-AF87-6DA9FD868F7A}"
EndProject
Global
	GlobalSection(SolutionConfigurationPlatforms) = preSolution
		Debug|Any CPU = Debug|Any CPU
		Release|Any CPU = Release|Any CPU
	EndGlobalSection
	GlobalSection(ProjectConfigurationPlatforms) = postSolution
		{583CE173-9A1B-41FD-AF87-6DA9FD868F7A}.Debug|Any CPU.ActiveCfg = Debug|Any CPU
		{583CE173-9A1B-41FD-AF87-6DA9FD868F7A}.Debug|Any CPU.Build.0 = Debug|Any CPU
		{583CE173-9A1B-41FD-AF87-6DA9FD868F7A}.Release|Any CPU.ActiveCfg = Release|Any CPU
		{583CE173-9A1B-41FD-AF87-6DA9FD868F7A}.Release|Any CPU.Build.0 = Release|Any CPU
	EndGlobalSection
	GlobalSection(SolutionProperties) = preSolution
		HideSolutionNode = FALSE
	EndGlobalSection
	GlobalSection(ExtensibilityGlobals) = postSolution
		SolutionGuid = {2B46BDCE-C59D-4F7E-A879-D34B50472A3D}
	EndGlobalSection
EndGlobal
